<Solution>
  <Folder Name="/src/">
    <Project Path="Core\Core.csproj" />
    <Project Path="Infrastructure\Infrastructure.csproj" />
    <Project Path="UI/UI.csproj" />
  </Folder>
  <Folder Name="/tests/">
    <Project Path="Infrastructure.IntegrationTests/Infrastructure.IntegrationTests.csproj" />
    <Project Path="Infrastructure.UnitTests\Infrastructure.UnitTests.csproj" />
  </Folder>
</Solution>
