<Solution>
  <Folder Name="/src/">
    <Project Path="src/Infrastructure\Infrastructure.csproj" />
    <Project Path="src/UI/UI.csproj" />
  </Folder>
  <Folder Name="/tests/">
    <Project Path="tests/Infrastructure.IntegrationTests/Infrastructure.IntegrationTests.csproj" />
    <Project Path="tests/Infrastructure.UnitTests\Infrastructure.UnitTests.csproj" />
    <Project Path="tests/UI.UnitTests/UI.UnitTests.csproj" />
  </Folder>
</Solution>
